
Microsoft Visual Studio Solution File, Format Version 12.00
# Visual Studio Version 16
VisualStudioVersion = 16.0.31205.134
MinimumVisualStudioVersion = 10.0.40219.1
Project("{FAE04EC0-301F-11D3-BF4B-00C04F79EFBC}") = "AntiAFK", "AntiAFK\AntiAFK.csproj", "{6DC73210-68A4-4A91-81AA-5CFB63525A2E}"
EndProject
Global
	GlobalSection(SolutionConfigurationPlatforms) = preSolution
		Debug|Any CPU = Debug|Any CPU
		Release|Any CPU = Release|Any CPU
	EndGlobalSection
	GlobalSection(ProjectConfigurationPlatforms) = postSolution
		{6DC73210-68A4-4A91-81AA-5CFB63525A2E}.Debug|Any CPU.ActiveCfg = Debug|Any CPU
		{6DC73210-68A4-4A91-81AA-5CFB63525A2E}.Debug|Any CPU.Build.0 = Debug|Any CPU
		{6DC73210-68A4-4A91-81AA-5CFB63525A2E}.Release|Any CPU.ActiveCfg = Release|Any CPU
		{6DC73210-68A4-4A91-81AA-5CFB63525A2E}.Release|Any CPU.Build.0 = Release|Any CPU
	EndGlobalSection
	GlobalSection(SolutionProperties) = preSolution
		HideSolutionNode = FALSE
	EndGlobalSection
	GlobalSection(ExtensibilityGlobals) = postSolution
		SolutionGuid = {E3A46A27-5FE7-4295-8FEB-FFD638D2ED4E}
	EndGlobalSection
EndGlobal
